{
  "object": {
    "pins": [
      {
        "package": "BricBrac",
        "repositoryURL": "https://github.com/glimpseio/BricBrac.git",
        "state": {
          "branch": "main",
          "revision": "bc53d4aef332fe6eee95570477dbbb41f30673b5",
          "version": null
        }
      },
      {
        "package": "JXKit",
        "repositoryURL": "https://github.com/jectivex/JXKit.git",
        "state": {
          "branch": "main",
          "revision": "1a0efc3c8c131791d8b1b8780c0da4725eb3838d",
          "version": null
        }
      },
      {
        "package": "MiscKit",
        "repositoryURL": "https://github.com/glimpseio/MiscKit.git",
        "state": {
          "branch": "main",
          "revision": "9db2fa4549f0908bf52b5f307471c0c34394db2a",
          "version": null
        }
      }
    ]
  },
  "version": 1
}
