{
  "object": {
    "pins": [
      {
        "package": "BricBrac",
        "repositoryURL": "https://github.com/glimpseio/BricBrac.git",
        "state": {
          "branch": "main",
          "revision": "2f2f537359144972cdbfdbaa4abbf6bcf19970cc",
          "version": null
        }
      },
      {
        "package": "JXKit",
        "repositoryURL": "https://github.com/jectivex/JXKit.git",
        "state": {
          "branch": "main",
          "revision": "6e3b7fdc9c87ab89a1b8f940106c1438dcd2d491",
          "version": null
        }
      },
      {
        "package": "MiscKit",
        "repositoryURL": "https://github.com/glimpseio/MiscKit.git",
        "state": {
          "branch": "main",
          "revision": "9db2fa4549f0908bf52b5f307471c0c34394db2a",
          "version": null
        }
      }
    ]
  },
  "version": 1
}
